
Microsoft Visual Studio Solution File, Format Version 12.00
# Visual Studio Version 16
VisualStudioVersion = 16.0.33529.622
MinimumVisualStudioVersion = 10.0.40219.1
Project("{FAE04EC0-301F-11D3-BF4B-00C04F79EFBC}") = "ExcelToPDF", "ExcelToPDF.csproj", "{74C9E6CC-3A0D-4E78-A694-5D9713B74FB7}"
EndProject
Global
	GlobalSection(SolutionConfigurationPlatforms) = preSolution
		Debug|Any CPU = Debug|Any CPU
		Release|Any CPU = Release|Any CPU
	EndGlobalSection
	GlobalSection(ProjectConfigurationPlatforms) = postSolution
		{74C9E6CC-3A0D-4E78-A694-5D9713B74FB7}.Debug|Any CPU.ActiveCfg = Debug|Any CPU
		{74C9E6CC-3A0D-4E78-A694-5D9713B74FB7}.Debug|Any CPU.Build.0 = Debug|Any CPU
		{74C9E6CC-3A0D-4E78-A694-5D9713B74FB7}.Release|Any CPU.ActiveCfg = Release|Any CPU
		{74C9E6CC-3A0D-4E78-A694-5D9713B74FB7}.Release|Any CPU.Build.0 = Release|Any CPU
	EndGlobalSection
	GlobalSection(SolutionProperties) = preSolution
		HideSolutionNode = FALSE
	EndGlobalSection
	GlobalSection(ExtensibilityGlobals) = postSolution
		SolutionGuid = {CA9B40AA-3D2F-439F-8DC4-3B6C8984EE77}
	EndGlobalSection
EndGlobal
